// !$*UTF8*$!
{
	archiveVersion = 1;
	classes = {
	};
	objectVersion = 46;
	objects = {

/* Begin PBXBuildFile section */
		1593DBA01CC0B782003A6A8A /* main.m in Sources */ = {isa = PBXBuildFile; fileRef = 1593DB9F1CC0B782003A6A8A /* main.m */; };
		1593DBA31CC0B782003A6A8A /* AppDelegate.m in Sources */ = {isa = PBXBuildFile; fileRef = 1593DBA21CC0B782003A6A8A /* AppDelegate.m */; };
		1593DBA61CC0B782003A6A8A /* ViewController.m in Sources */ = {isa = PBXBuildFile; fileRef = 1593DBA51CC0B782003A6A8A /* ViewController.m */; };
		1593DBAB1CC0B782003A6A8A /* Assets.xcassets in Resources */ = {isa = PBXBuildFile; fileRef = 1593DBAA1CC0B782003A6A8A /* Assets.xcassets */; };
		1593DBAE1CC0B782003A6A8A /* LaunchScreen.storyboard in Resources */ = {isa = PBXBuildFile; fileRef = 1593DBAC1CC0B782003A6A8A /* LaunchScreen.storyboard */; };
		1593DBB71CC0B864003A6A8A /* N1.m in Sources */ = {isa = PBXBuildFile; fileRef = 1593DBB61CC0B864003A6A8A /* N1.m */; };
		1593DBBA1CC0B86F003A6A8A /* N2.m in Sources */ = {isa = PBXBuildFile; fileRef = 1593DBB91CC0B86F003A6A8A /* N2.m */; };
		1593DBBD1CC0B87D003A6A8A /* N3.m in Sources */ = {isa = PBXBuildFile; fileRef = 1593DBBC1CC0B87D003A6A8A /* N3.m */; };
		1593DBC01CC0B887003A6A8A /* N4.m in Sources */ = {isa = PBXBuildFile; fileRef = 1593DBBF1CC0B887003A6A8A /* N4.m */; };
		1593DBDB1CC0B910003A6A8A /* Contents.json in Resources */ = {isa = PBXBuildFile; fileRef = 1593DBC31CC0B910003A6A8A /* Contents.json */; };
		1593DBDC1CC0B910003A6A8A /* 图标_0009_黑白-1.png in Resources */ = {isa = PBXBuildFile; fileRef = 1593DBC41CC0B910003A6A8A /* 图标_0009_黑白-1.png */; };
		1593DBDD1CC0B910003A6A8A /* Contents.json in Resources */ = {isa = PBXBuildFile; fileRef = 1593DBC61CC0B910003A6A8A /* Contents.json */; };
		1593DBDE1CC0B910003A6A8A /* 图标_0005_我.png in Resources */ = {isa = PBXBuildFile; fileRef = 1593DBC71CC0B910003A6A8A /* 图标_0005_我.png */; };
		1593DBDF1CC0B910003A6A8A /* Contents.json in Resources */ = {isa = PBXBuildFile; fileRef = 1593DBC91CC0B910003A6A8A /* Contents.json */; };
		1593DBE01CC0B910003A6A8A /* 图标_0010_黑白-1-副本.png in Resources */ = {isa = PBXBuildFile; fileRef = 1593DBCA1CC0B910003A6A8A /* 图标_0010_黑白-1-副本.png */; };
		1593DBE11CC0B910003A6A8A /* Contents.json in Resources */ = {isa = PBXBuildFile; fileRef = 1593DBCC1CC0B910003A6A8A /* Contents.json */; };
		1593DBE21CC0B910003A6A8A /* 图标_0006_报告.png in Resources */ = {isa = PBXBuildFile; fileRef = 1593DBCD1CC0B910003A6A8A /* 图标_0006_报告.png */; };
		1593DBE31CC0B910003A6A8A /* Contents.json in Resources */ = {isa = PBXBuildFile; fileRef = 1593DBCF1CC0B910003A6A8A /* Contents.json */; };
		1593DBE41CC0B910003A6A8A /* 图标_0011_黑白-1-副本-2.png in Resources */ = {isa = PBXBuildFile; fileRef = 1593DBD01CC0B910003A6A8A /* 图标_0011_黑白-1-副本-2.png */; };
		1593DBE51CC0B910003A6A8A /* Contents.json in Resources */ = {isa = PBXBuildFile; fileRef = 1593DBD21CC0B910003A6A8A /* Contents.json */; };
		1593DBE61CC0B910003A6A8A /* 图标_0007_发现.png in Resources */ = {isa = PBXBuildFile; fileRef = 1593DBD31CC0B910003A6A8A /* 图标_0007_发现.png */; };
		1593DBE71CC0B910003A6A8A /* Contents.json in Resources */ = {isa = PBXBuildFile; fileRef = 1593DBD51CC0B910003A6A8A /* Contents.json */; };
		1593DBE81CC0B910003A6A8A /* 图标_0012_黑白-1-副本-3.png in Resources */ = {isa = PBXBuildFile; fileRef = 1593DBD61CC0B910003A6A8A /* 图标_0012_黑白-1-副本-3.png */; };
		1593DBE91CC0B910003A6A8A /* Contents.json in Resources */ = {isa = PBXBuildFile; fileRef = 1593DBD81CC0B910003A6A8A /* Contents.json */; };
		1593DBEA1CC0B910003A6A8A /* 图标_0008_检测.png in Resources */ = {isa = PBXBuildFile; fileRef = 1593DBD91CC0B910003A6A8A /* 图标_0008_检测.png */; };
		1593DBEB1CC0B910003A6A8A /* Contents.json in Resources */ = {isa = PBXBuildFile; fileRef = 1593DBDA1CC0B910003A6A8A /* Contents.json */; };
		1593DBEE1CC0BBE9003A6A8A /* XXTabBarView.m in Sources */ = {isa = PBXBuildFile; fileRef = 1593DBED1CC0BBE9003A6A8A /* XXTabBarView.m */; };
		1593DBF11CC0CDF1003A6A8A /* nav.m in Sources */ = {isa = PBXBuildFile; fileRef = 1593DBF01CC0CDF1003A6A8A /* nav.m */; };
		1593DBF41CC0CFD4003A6A8A /* XXtabBarButton.m in Sources */ = {isa = PBXBuildFile; fileRef = 1593DBF31CC0CFD4003A6A8A /* XXtabBarButton.m */; };
/* End PBXBuildFile section */

/* Begin PBXFileReference section */
		1593DB9B1CC0B782003A6A8A /* XUIBottonBarView.app */ = {isa = PBXFileReference; explicitFileType = wrapper.application; includeInIndex = 0; path = XUIBottonBarView.app; sourceTree = BUILT_PRODUCTS_DIR; };
		1593DB9F1CC0B782003A6A8A /* main.m */ = {isa = PBXFileReference; lastKnownFileType = sourcecode.c.objc; path = main.m; sourceTree = "<group>"; };
		1593DBA11CC0B782003A6A8A /* AppDelegate.h */ = {isa = PBXFileReference; lastKnownFileType = sourcecode.c.h; path = AppDelegate.h; sourceTree = "<group>"; };
		1593DBA21CC0B782003A6A8A /* AppDelegate.m */ = {isa = PBXFileReference; lastKnownFileType = sourcecode.c.objc; path = AppDelegate.m; sourceTree = "<group>"; };
		1593DBA41CC0B782003A6A8A /* ViewController.h */ = {isa = PBXFileReference; lastKnownFileType = sourcecode.c.h; path = ViewController.h; sourceTree = "<group>"; };
		1593DBA51CC0B782003A6A8A /* ViewController.m */ = {isa = PBXFileReference; lastKnownFileType = sourcecode.c.objc; path = ViewController.m; sourceTree = "<group>"; };
		1593DBAA1CC0B782003A6A8A /* Assets.xcassets */ = {isa = PBXFileReference; lastKnownFileType = folder.assetcatalog; path = Assets.xcassets; sourceTree = "<group>"; };
		1593DBAD1CC0B782003A6A8A /* Base */ = {isa = PBXFileReference; lastKnownFileType = file.storyboard; name = Base; path = Base.lproj/LaunchScreen.storyboard; sourceTree = "<group>"; };
		1593DBAF1CC0B782003A6A8A /* Info.plist */ = {isa = PBXFileReference; lastKnownFileType = text.plist.xml; path = Info.plist; sourceTree = "<group>"; };
		1593DBB51CC0B864003A6A8A /* N1.h */ = {isa = PBXFileReference; fileEncoding = 4; lastKnownFileType = sourcecode.c.h; path = N1.h; sourceTree = "<group>"; };
		1593DBB61CC0B864003A6A8A /* N1.m */ = {isa = PBXFileReference; fileEncoding = 4; lastKnownFileType = sourcecode.c.objc; path = N1.m; sourceTree = "<group>"; };
		1593DBB81CC0B86F003A6A8A /* N2.h */ = {isa = PBXFileReference; fileEncoding = 4; lastKnownFileType = sourcecode.c.h; path = N2.h; sourceTree = "<group>"; };
		1593DBB91CC0B86F003A6A8A /* N2.m */ = {isa = PBXFileReference; fileEncoding = 4; lastKnownFileType = sourcecode.c.objc; path = N2.m; sourceTree = "<group>"; };
		1593DBBB1CC0B87D003A6A8A /* N3.h */ = {isa = PBXFileReference; fileEncoding = 4; lastKnownFileType = sourcecode.c.h; path = N3.h; sourceTree = "<group>"; };
		1593DBBC1CC0B87D003A6A8A /* N3.m */ = {isa = PBXFileReference; fileEncoding = 4; lastKnownFileType = sourcecode.c.objc; path = N3.m; sourceTree = "<group>"; };
		1593DBBE1CC0B887003A6A8A /* N4.h */ = {isa = PBXFileReference; fileEncoding = 4; lastKnownFileType = sourcecode.c.h; name = N4.h; path = ../N4.h; sourceTree = "<group>"; };
		1593DBBF1CC0B887003A6A8A /* N4.m */ = {isa = PBXFileReference; fileEncoding = 4; lastKnownFileType = sourcecode.c.objc; name = N4.m; path = ../N4.m; sourceTree = "<group>"; };
		1593DBC31CC0B910003A6A8A /* Contents.json */ = {isa = PBXFileReference; fileEncoding = 4; lastKnownFileType = text.json; path = Contents.json; sourceTree = "<group>"; };
		1593DBC41CC0B910003A6A8A /* 图标_0009_黑白-1.png */ = {isa = PBXFileReference; lastKnownFileType = image.png; path = "图标_0009_黑白-1.png"; sourceTree = "<group>"; };
		1593DBC61CC0B910003A6A8A /* Contents.json */ = {isa = PBXFileReference; fileEncoding = 4; lastKnownFileType = text.json; path = Contents.json; sourceTree = "<group>"; };
		1593DBC71CC0B910003A6A8A /* 图标_0005_我.png */ = {isa = PBXFileReference; lastKnownFileType = image.png; path = "图标_0005_我.png"; sourceTree = "<group>"; };
		1593DBC91CC0B910003A6A8A /* Contents.json */ = {isa = PBXFileReference; fileEncoding = 4; lastKnownFileType = text.json; path = Contents.json; sourceTree = "<group>"; };
		1593DBCA1CC0B910003A6A8A /* 图标_0010_黑白-1-副本.png */ = {isa = PBXFileReference; lastKnownFileType = image.png; path = "图标_0010_黑白-1-副本.png"; sourceTree = "<group>"; };
		1593DBCC1CC0B910003A6A8A /* Contents.json */ = {isa = PBXFileReference; fileEncoding = 4; lastKnownFileType = text.json; path = Contents.json; sourceTree = "<group>"; };
		1593DBCD1CC0B910003A6A8A /* 图标_0006_报告.png */ = {isa = PBXFileReference; lastKnownFileType = image.png; path = "图标_0006_报告.png"; sourceTree = "<group>"; };
		1593DBCF1CC0B910003A6A8A /* Contents.json */ = {isa = PBXFileReference; fileEncoding = 4; lastKnownFileType = text.json; path = Contents.json; sourceTree = "<group>"; };
		1593DBD01CC0B910003A6A8A /* 图标_0011_黑白-1-副本-2.png */ = {isa = PBXFileReference; lastKnownFileType = image.png; path = "图标_0011_黑白-1-副本-2.png"; sourceTree = "<group>"; };
		1593DBD21CC0B910003A6A8A /* Contents.json */ = {isa = PBXFileReference; fileEncoding = 4; lastKnownFileType = text.json; path = Contents.json; sourceTree = "<group>"; };
		1593DBD31CC0B910003A6A8A /* 图标_0007_发现.png */ = {isa = PBXFileReference; lastKnownFileType = image.png; path = "图标_0007_发现.png"; sourceTree = "<group>"; };
		1593DBD51CC0B910003A6A8A /* Contents.json */ = {isa = PBXFileReference; fileEncoding = 4; lastKnownFileType = text.json; path = Contents.json; sourceTree = "<group>"; };
		1593DBD61CC0B910003A6A8A /* 图标_0012_黑白-1-副本-3.png */ = {isa = PBXFileReference; lastKnownFileType = image.png; path = "图标_0012_黑白-1-副本-3.png"; sourceTree = "<group>"; };
		1593DBD81CC0B910003A6A8A /* Contents.json */ = {isa = PBXFileReference; fileEncoding = 4; lastKnownFileType = text.json; path = Contents.json; sourceTree = "<group>"; };
		1593DBD91CC0B910003A6A8A /* 图标_0008_检测.png */ = {isa = PBXFileReference; lastKnownFileType = image.png; path = "图标_0008_检测.png"; sourceTree = "<group>"; };
		1593DBDA1CC0B910003A6A8A /* Contents.json */ = {isa = PBXFileReference; fileEncoding = 4; lastKnownFileType = text.json; path = Contents.json; sourceTree = "<group>"; };
		1593DBEC1CC0BBE9003A6A8A /* XXTabBarView.h */ = {isa = PBXFileReference; fileEncoding = 4; lastKnownFileType = sourcecode.c.h; path = XXTabBarView.h; sourceTree = "<group>"; };
		1593DBED1CC0BBE9003A6A8A /* XXTabBarView.m */ = {isa = PBXFileReference; fileEncoding = 4; lastKnownFileType = sourcecode.c.objc; path = XXTabBarView.m; sourceTree = "<group>"; };
		1593DBEF1CC0CDF1003A6A8A /* nav.h */ = {isa = PBXFileReference; fileEncoding = 4; lastKnownFileType = sourcecode.c.h; path = nav.h; sourceTree = "<group>"; };
		1593DBF01CC0CDF1003A6A8A /* nav.m */ = {isa = PBXFileReference; fileEncoding = 4; lastKnownFileType = sourcecode.c.objc; path = nav.m; sourceTree = "<group>"; };
		1593DBF21CC0CFD4003A6A8A /* XXtabBarButton.h */ = {isa = PBXFileReference; fileEncoding = 4; lastKnownFileType = sourcecode.c.h; path = XXtabBarButton.h; sourceTree = "<group>"; };
		1593DBF31CC0CFD4003A6A8A /* XXtabBarButton.m */ = {isa = PBXFileReference; fileEncoding = 4; lastKnownFileType = sourcecode.c.objc; path = XXtabBarButton.m; sourceTree = "<group>"; };
/* End PBXFileReference section */

/* Begin PBXFrameworksBuildPhase section */
		1593DB981CC0B782003A6A8A /* Frameworks */ = {
			isa = PBXFrameworksBuildPhase;
			buildActionMask = 2147483647;
			files = (
			);
			runOnlyForDeploymentPostprocessing = 0;
		};
/* End PBXFrameworksBuildPhase section */

/* Begin PBXGroup section */
		1593DB921CC0B782003A6A8A = {
			isa = PBXGroup;
			children = (
				1593DB9D1CC0B782003A6A8A /* XUIBottonBarView */,
				1593DB9C1CC0B782003A6A8A /* Products */,
			);
			sourceTree = "<group>";
		};
		1593DB9C1CC0B782003A6A8A /* Products */ = {
			isa = PBXGroup;
			children = (
				1593DB9B1CC0B782003A6A8A /* XUIBottonBarView.app */,
			);
			name = Products;
			sourceTree = "<group>";
		};
		1593DB9D1CC0B782003A6A8A /* XUIBottonBarView */ = {
			isa = PBXGroup;
			children = (
				1593DBA11CC0B782003A6A8A /* AppDelegate.h */,
				1593DBA21CC0B782003A6A8A /* AppDelegate.m */,
				1593DBA41CC0B782003A6A8A /* ViewController.h */,
				1593DBA51CC0B782003A6A8A /* ViewController.m */,
				1593DBEF1CC0CDF1003A6A8A /* nav.h */,
				1593DBF01CC0CDF1003A6A8A /* nav.m */,
				1593DBB51CC0B864003A6A8A /* N1.h */,
				1593DBB61CC0B864003A6A8A /* N1.m */,
				1593DBB81CC0B86F003A6A8A /* N2.h */,
				1593DBB91CC0B86F003A6A8A /* N2.m */,
				1593DBBB1CC0B87D003A6A8A /* N3.h */,
				1593DBBC1CC0B87D003A6A8A /* N3.m */,
				1593DBBE1CC0B887003A6A8A /* N4.h */,
				1593DBBF1CC0B887003A6A8A /* N4.m */,
				1593DBC11CC0B910003A6A8A /* @3x */,
				1593DBAA1CC0B782003A6A8A /* Assets.xcassets */,
				1593DBAC1CC0B782003A6A8A /* LaunchScreen.storyboard */,
				1593DBAF1CC0B782003A6A8A /* Info.plist */,
				1593DB9E1CC0B782003A6A8A /* Supporting Files */,
				1593DBEC1CC0BBE9003A6A8A /* XXTabBarView.h */,
				1593DBED1CC0BBE9003A6A8A /* XXTabBarView.m */,
				1593DBF21CC0CFD4003A6A8A /* XXtabBarButton.h */,
				1593DBF31CC0CFD4003A6A8A /* XXtabBarButton.m */,
			);
			path = XUIBottonBarView;
			sourceTree = "<group>";
		};
		1593DB9E1CC0B782003A6A8A /* Supporting Files */ = {
			isa = PBXGroup;
			children = (
				1593DB9F1CC0B782003A6A8A /* main.m */,
			);
			name = "Supporting Files";
			sourceTree = "<group>";
		};
		1593DBC11CC0B910003A6A8A /* @3x */ = {
			isa = PBXGroup;
			children = (
				1593DBC21CC0B910003A6A8A /* 1.imageset */,
				1593DBC51CC0B910003A6A8A /* 1hight.imageset */,
				1593DBC81CC0B910003A6A8A /* 2.imageset */,
				1593DBCB1CC0B910003A6A8A /* 2hight.imageset */,
				1593DBCE1CC0B910003A6A8A /* 3.imageset */,
				1593DBD11CC0B910003A6A8A /* 3hight.imageset */,
				1593DBD41CC0B910003A6A8A /* 4.imageset */,
				1593DBD71CC0B910003A6A8A /* 4hight.imageset */,
				1593DBDA1CC0B910003A6A8A /* Contents.json */,
			);
			path = "@3x";
			sourceTree = "<group>";
		};
		1593DBC21CC0B910003A6A8A /* 1.imageset */ = {
			isa = PBXGroup;
			children = (
				1593DBC31CC0B910003A6A8A /* Contents.json */,
				1593DBC41CC0B910003A6A8A /* 图标_0009_黑白-1.png */,
			);
			path = 1.imageset;
			sourceTree = "<group>";
		};
		1593DBC51CC0B910003A6A8A /* 1hight.imageset */ = {
			isa = PBXGroup;
			children = (
				1593DBC61CC0B910003A6A8A /* Contents.json */,
				1593DBC71CC0B910003A6A8A /* 图标_0005_我.png */,
			);
			path = 1hight.imageset;
			sourceTree = "<group>";
		};
		1593DBC81CC0B910003A6A8A /* 2.imageset */ = {
			isa = PBXGroup;
			children = (
				1593DBC91CC0B910003A6A8A /* Contents.json */,
				1593DBCA1CC0B910003A6A8A /* 图标_0010_黑白-1-副本.png */,
			);
			path = 2.imageset;
			sourceTree = "<group>";
		};
		1593DBCB1CC0B910003A6A8A /* 2hight.imageset */ = {
			isa = PBXGroup;
			children = (
				1593DBCC1CC0B910003A6A8A /* Contents.json */,
				1593DBCD1CC0B910003A6A8A /* 图标_0006_报告.png */,
			);
			path = 2hight.imageset;
			sourceTree = "<group>";
		};
		1593DBCE1CC0B910003A6A8A /* 3.imageset */ = {
			isa = PBXGroup;
			children = (
				1593DBCF1CC0B910003A6A8A /* Contents.json */,
				1593DBD01CC0B910003A6A8A /* 图标_0011_黑白-1-副本-2.png */,
			);
			path = 3.imageset;
			sourceTree = "<group>";
		};
		1593DBD11CC0B910003A6A8A /* 3hight.imageset */ = {
			isa = PBXGroup;
			children = (
				1593DBD21CC0B910003A6A8A /* Contents.json */,
				1593DBD31CC0B910003A6A8A /* 图标_0007_发现.png */,
			);
			path = 3hight.imageset;
			sourceTree = "<group>";
		};
		1593DBD41CC0B910003A6A8A /* 4.imageset */ = {
			isa = PBXGroup;
			children = (
				1593DBD51CC0B910003A6A8A /* Contents.json */,
				1593DBD61CC0B910003A6A8A /* 图标_0012_黑白-1-副本-3.png */,
			);
			path = 4.imageset;
			sourceTree = "<group>";
		};
		1593DBD71CC0B910003A6A8A /* 4hight.imageset */ = {
			isa = PBXGroup;
			children = (
				1593DBD81CC0B910003A6A8A /* Contents.json */,
				1593DBD91CC0B910003A6A8A /* 图标_0008_检测.png */,
			);
			path = 4hight.imageset;
			sourceTree = "<group>";
		};
/* End PBXGroup section */

/* Begin PBXNativeTarget section */
		1593DB9A1CC0B782003A6A8A /* XUIBottonBarView */ = {
			isa = PBXNativeTarget;
			buildConfigurationList = 1593DBB21CC0B782003A6A8A /* Build configuration list for PBXNativeTarget "XUIBottonBarView" */;
			buildPhases = (
				1593DB971CC0B782003A6A8A /* Sources */,
				1593DB981CC0B782003A6A8A /* Frameworks */,
				1593DB991CC0B782003A6A8A /* Resources */,
			);
			buildRules = (
			);
			dependencies = (
			);
			name = XUIBottonBarView;
			productName = XUIBottonBarView;
			productReference = 1593DB9B1CC0B782003A6A8A /* XUIBottonBarView.app */;
			productType = "com.apple.product-type.application";
		};
/* End PBXNativeTarget section */

/* Begin PBXProject section */
		1593DB931CC0B782003A6A8A /* Project object */ = {
			isa = PBXProject;
			attributes = {
				LastUpgradeCheck = 0720;
				ORGANIZATIONNAME = "xi chen";
				TargetAttributes = {
					1593DB9A1CC0B782003A6A8A = {
						CreatedOnToolsVersion = 7.2;
						DevelopmentTeam = BAN9HY9MCC;
					};
				};
			};
			buildConfigurationList = 1593DB961CC0B782003A6A8A /* Build configuration list for PBXProject "XUIBottonBarView" */;
			compatibilityVersion = "Xcode 3.2";
			developmentRegion = English;
			hasScannedForEncodings = 0;
			knownRegions = (
				en,
				Base,
			);
			mainGroup = 1593DB921CC0B782003A6A8A;
			productRefGroup = 1593DB9C1CC0B782003A6A8A /* Products */;
			projectDirPath = "";
			projectRoot = "";
			targets = (
				1593DB9A1CC0B782003A6A8A /* XUIBottonBarView */,
			);
		};
/* End PBXProject section */

/* Begin PBXResourcesBuildPhase section */
		1593DB991CC0B782003A6A8A /* Resources */ = {
			isa = PBXResourcesBuildPhase;
			buildActionMask = 2147483647;
			files = (
				1593DBE21CC0B910003A6A8A /* 图标_0006_报告.png in Resources */,
				1593DBAE1CC0B782003A6A8A /* LaunchScreen.storyboard in Resources */,
				1593DBDE1CC0B910003A6A8A /* 图标_0005_我.png in Resources */,
				1593DBE81CC0B910003A6A8A /* 图标_0012_黑白-1-副本-3.png in Resources */,
				1593DBE71CC0B910003A6A8A /* Contents.json in Resources */,
				1593DBAB1CC0B782003A6A8A /* Assets.xcassets in Resources */,
				1593DBDF1CC0B910003A6A8A /* Contents.json in Resources */,
				1593DBEA1CC0B910003A6A8A /* 图标_0008_检测.png in Resources */,
				1593DBE11CC0B910003A6A8A /* Contents.json in Resources */,
				1593DBDB1CC0B910003A6A8A /* Contents.json in Resources */,
				1593DBE01CC0B910003A6A8A /* 图标_0010_黑白-1-副本.png in Resources */,
				1593DBE91CC0B910003A6A8A /* Contents.json in Resources */,
				1593DBE41CC0B910003A6A8A /* 图标_0011_黑白-1-副本-2.png in Resources */,
				1593DBE61CC0B910003A6A8A /* 图标_0007_发现.png in Resources */,
				1593DBEB1CC0B910003A6A8A /* Contents.json in Resources */,
				1593DBDC1CC0B910003A6A8A /* 图标_0009_黑白-1.png in Resources */,
				1593DBDD1CC0B910003A6A8A /* Contents.json in Resources */,
				1593DBE31CC0B910003A6A8A /* Contents.json in Resources */,
				1593DBE51CC0B910003A6A8A /* Contents.json in Resources */,
			);
			runOnlyForDeploymentPostprocessing = 0;
		};
/* End PBXResourcesBuildPhase section */

/* Begin PBXSourcesBuildPhase section */
		1593DB971CC0B782003A6A8A /* Sources */ = {
			isa = PBXSourcesBuildPhase;
			buildActionMask = 2147483647;
			files = (
				1593DBEE1CC0BBE9003A6A8A /* XXTabBarView.m in Sources */,
				1593DBBD1CC0B87D003A6A8A /* N3.m in Sources */,
				1593DBBA1CC0B86F003A6A8A /* N2.m in Sources */,
				1593DBF11CC0CDF1003A6A8A /* nav.m in Sources */,
				1593DBA61CC0B782003A6A8A /* ViewController.m in Sources */,
				1593DBA31CC0B782003A6A8A /* AppDelegate.m in Sources */,
				1593DBC01CC0B887003A6A8A /* N4.m in Sources */,
				1593DBF41CC0CFD4003A6A8A /* XXtabBarButton.m in Sources */,
				1593DBB71CC0B864003A6A8A /* N1.m in Sources */,
				1593DBA01CC0B782003A6A8A /* main.m in Sources */,
			);
			runOnlyForDeploymentPostprocessing = 0;
		};
/* End PBXSourcesBuildPhase section */

/* Begin PBXVariantGroup section */
		1593DBAC1CC0B782003A6A8A /* LaunchScreen.storyboard */ = {
			isa = PBXVariantGroup;
			children = (
				1593DBAD1CC0B782003A6A8A /* Base */,
			);
			name = LaunchScreen.storyboard;
			sourceTree = "<group>";
		};
/* End PBXVariantGroup section */

/* Begin XCBuildConfiguration section */
		1593DBB01CC0B782003A6A8A /* Debug */ = {
			isa = XCBuildConfiguration;
			buildSettings = {
				ALWAYS_SEARCH_USER_PATHS = NO;
				CLANG_CXX_LANGUAGE_STANDARD = "gnu++0x";
				CLANG_CXX_LIBRARY = "libc++";
				CLANG_ENABLE_MODULES = YES;
				CLANG_ENABLE_OBJC_ARC = YES;
				CLANG_WARN_BOOL_CONVERSION = YES;
				CLANG_WARN_CONSTANT_CONVERSION = YES;
				CLANG_WARN_DIRECT_OBJC_ISA_USAGE = YES_ERROR;
				CLANG_WARN_EMPTY_BODY = YES;
				CLANG_WARN_ENUM_CONVERSION = YES;
				CLANG_WARN_INT_CONVERSION = YES;
				CLANG_WARN_OBJC_ROOT_CLASS = YES_ERROR;
				CLANG_WARN_UNREACHABLE_CODE = YES;
				CLANG_WARN__DUPLICATE_METHOD_MATCH = YES;
				"CODE_SIGN_IDENTITY[sdk=iphoneos*]" = "iPhone Developer";
				COPY_PHASE_STRIP = NO;
				DEBUG_INFORMATION_FORMAT = dwarf;
				ENABLE_STRICT_OBJC_MSGSEND = YES;
				ENABLE_TESTABILITY = YES;
				GCC_C_LANGUAGE_STANDARD = gnu99;
				GCC_DYNAMIC_NO_PIC = NO;
				GCC_NO_COMMON_BLOCKS = YES;
				GCC_OPTIMIZATION_LEVEL = 0;
				GCC_PREPROCESSOR_DEFINITIONS = (
					"DEBUG=1",
					"$(inherited)",
				);
				GCC_WARN_64_TO_32_BIT_CONVERSION = YES;
				GCC_WARN_ABOUT_RETURN_TYPE = YES_ERROR;
				GCC_WARN_UNDECLARED_SELECTOR = YES;
				GCC_WARN_UNINITIALIZED_AUTOS = YES_AGGRESSIVE;
				GCC_WARN_UNUSED_FUNCTION = YES;
				GCC_WARN_UNUSED_VARIABLE = YES;
				IPHONEOS_DEPLOYMENT_TARGET = 9.2;
				MTL_ENABLE_DEBUG_INFO = YES;
				ONLY_ACTIVE_ARCH = YES;
				SDKROOT = iphoneos;
			};
			name = Debug;
		};
		1593DBB11CC0B782003A6A8A /* Release */ = {
			isa = XCBuildConfiguration;
			buildSettings = {
				ALWAYS_SEARCH_USER_PATHS = NO;
				CLANG_CXX_LANGUAGE_STANDARD = "gnu++0x";
				CLANG_CXX_LIBRARY = "libc++";
				CLANG_ENABLE_MODULES = YES;
				CLANG_ENABLE_OBJC_ARC = YES;
				CLANG_WARN_BOOL_CONVERSION = YES;
				CLANG_WARN_CONSTANT_CONVERSION = YES;
				CLANG_WARN_DIRECT_OBJC_ISA_USAGE = YES_ERROR;
				CLANG_WARN_EMPTY_BODY = YES;
				CLANG_WARN_ENUM_CONVERSION = YES;
				CLANG_WARN_INT_CONVERSION = YES;
				CLANG_WARN_OBJC_ROOT_CLASS = YES_ERROR;
				CLANG_WARN_UNREACHABLE_CODE = YES;
				CLANG_WARN__DUPLICATE_METHOD_MATCH = YES;
				"CODE_SIGN_IDENTITY[sdk=iphoneos*]" = "iPhone Developer";
				COPY_PHASE_STRIP = NO;
				DEBUG_INFORMATION_FORMAT = "dwarf-with-dsym";
				ENABLE_NS_ASSERTIONS = NO;
				ENABLE_STRICT_OBJC_MSGSEND = YES;
				GCC_C_LANGUAGE_STANDARD = gnu99;
				GCC_NO_COMMON_BLOCKS = YES;
				GCC_WARN_64_TO_32_BIT_CONVERSION = YES;
				GCC_WARN_ABOUT_RETURN_TYPE = YES_ERROR;
				GCC_WARN_UNDECLARED_SELECTOR = YES;
				GCC_WARN_UNINITIALIZED_AUTOS = YES_AGGRESSIVE;
				GCC_WARN_UNUSED_FUNCTION = YES;
				GCC_WARN_UNUSED_VARIABLE = YES;
				IPHONEOS_DEPLOYMENT_TARGET = 9.2;
				MTL_ENABLE_DEBUG_INFO = NO;
				SDKROOT = iphoneos;
				VALIDATE_PRODUCT = YES;
			};
			name = Release;
		};
		1593DBB31CC0B782003A6A8A /* Debug */ = {
			isa = XCBuildConfiguration;
			buildSettings = {
				ASSETCATALOG_COMPILER_APPICON_NAME = AppIcon;
				ASSETCATALOG_COMPILER_LAUNCHIMAGE_NAME = "Brand Assets";
				INFOPLIST_FILE = XUIBottonBarView/Info.plist;
				LD_RUNPATH_SEARCH_PATHS = "$(inherited) @executable_path/Frameworks";
				PRODUCT_BUNDLE_IDENTIFIER = com.chenxi.XUIBottonBarView;
				PRODUCT_NAME = "$(TARGET_NAME)";
			};
			name = Debug;
		};
		1593DBB41CC0B782003A6A8A /* Release */ = {
			isa = XCBuildConfiguration;
			buildSettings = {
				ASSETCATALOG_COMPILER_APPICON_NAME = AppIcon;
				ASSETCATALOG_COMPILER_LAUNCHIMAGE_NAME = "Brand Assets";
				INFOPLIST_FILE = XUIBottonBarView/Info.plist;
				LD_RUNPATH_SEARCH_PATHS = "$(inherited) @executable_path/Frameworks";
				PRODUCT_BUNDLE_IDENTIFIER = com.chenxi.XUIBottonBarView;
				PRODUCT_NAME = "$(TARGET_NAME)";
			};
			name = Release;
		};
/* End XCBuildConfiguration section */

/* Begin XCConfigurationList section */
		1593DB961CC0B782003A6A8A /* Build configuration list for PBXProject "XUIBottonBarView" */ = {
			isa = XCConfigurationList;
			buildConfigurations = (
				1593DBB01CC0B782003A6A8A /* Debug */,
				1593DBB11CC0B782003A6A8A /* Release */,
			);
			defaultConfigurationIsVisible = 0;
			defaultConfigurationName = Release;
		};
		1593DBB21CC0B782003A6A8A /* Build configuration list for PBXNativeTarget "XUIBottonBarView" */ = {
			isa = XCConfigurationList;
			buildConfigurations = (
				1593DBB31CC0B782003A6A8A /* Debug */,
				1593DBB41CC0B782003A6A8A /* Release */,
			);
			defaultConfigurationIsVisible = 0;
		};
/* End XCConfigurationList section */
	};
	rootObject = 1593DB931CC0B782003A6A8A /* Project object */;
}
