// !$*UTF8*$!
{
	archiveVersion = 1;
	classes = {
	};
	objectVersion = 46;
	objects = {

/* Begin PBXBuildFile section */
		156E642B1D065FDE003A25D9 /* main.m in Sources */ = {isa = PBXBuildFile; fileRef = 156E642A1D065FDE003A25D9 /* main.m */; };
		156E642E1D065FDE003A25D9 /* AppDelegate.m in Sources */ = {isa = PBXBuildFile; fileRef = 156E642D1D065FDE003A25D9 /* AppDelegate.m */; };
		156E64311D065FDE003A25D9 /* ViewController.m in Sources */ = {isa = PBXBuildFile; fileRef = 156E64301D065FDE003A25D9 /* ViewController.m */; };
		156E64341D065FDE003A25D9 /* Main.storyboard in Resources */ = {isa = PBXBuildFile; fileRef = 156E64321D065FDE003A25D9 /* Main.storyboard */; };
		156E64361D065FDE003A25D9 /* Assets.xcassets in Resources */ = {isa = PBXBuildFile; fileRef = 156E64351D065FDE003A25D9 /* Assets.xcassets */; };
		156E64391D065FDE003A25D9 /* LaunchScreen.storyboard in Resources */ = {isa = PBXBuildFile; fileRef = 156E64371D065FDE003A25D9 /* LaunchScreen.storyboard */; };
		156E64421D066342003A25D9 /* calendarView.m in Sources */ = {isa = PBXBuildFile; fileRef = 156E64411D066342003A25D9 /* calendarView.m */; };
		156E64451D0688EC003A25D9 /* headView.m in Sources */ = {isa = PBXBuildFile; fileRef = 156E64441D0688EC003A25D9 /* headView.m */; };
/* End PBXBuildFile section */

/* Begin PBXFileReference section */
		156E64261D065FDE003A25D9 /* 日历 demo.app */ = {isa = PBXFileReference; explicitFileType = wrapper.application; includeInIndex = 0; path = "日历 demo.app"; sourceTree = BUILT_PRODUCTS_DIR; };
		156E642A1D065FDE003A25D9 /* main.m */ = {isa = PBXFileReference; lastKnownFileType = sourcecode.c.objc; path = main.m; sourceTree = "<group>"; };
		156E642C1D065FDE003A25D9 /* AppDelegate.h */ = {isa = PBXFileReference; lastKnownFileType = sourcecode.c.h; path = AppDelegate.h; sourceTree = "<group>"; };
		156E642D1D065FDE003A25D9 /* AppDelegate.m */ = {isa = PBXFileReference; lastKnownFileType = sourcecode.c.objc; path = AppDelegate.m; sourceTree = "<group>"; };
		156E642F1D065FDE003A25D9 /* ViewController.h */ = {isa = PBXFileReference; lastKnownFileType = sourcecode.c.h; path = ViewController.h; sourceTree = "<group>"; };
		156E64301D065FDE003A25D9 /* ViewController.m */ = {isa = PBXFileReference; lastKnownFileType = sourcecode.c.objc; path = ViewController.m; sourceTree = "<group>"; };
		156E64331D065FDE003A25D9 /* Base */ = {isa = PBXFileReference; lastKnownFileType = file.storyboard; name = Base; path = Base.lproj/Main.storyboard; sourceTree = "<group>"; };
		156E64351D065FDE003A25D9 /* Assets.xcassets */ = {isa = PBXFileReference; lastKnownFileType = folder.assetcatalog; path = Assets.xcassets; sourceTree = "<group>"; };
		156E64381D065FDE003A25D9 /* Base */ = {isa = PBXFileReference; lastKnownFileType = file.storyboard; name = Base; path = Base.lproj/LaunchScreen.storyboard; sourceTree = "<group>"; };
		156E643A1D065FDE003A25D9 /* Info.plist */ = {isa = PBXFileReference; lastKnownFileType = text.plist.xml; path = Info.plist; sourceTree = "<group>"; };
		156E64401D066342003A25D9 /* calendarView.h */ = {isa = PBXFileReference; fileEncoding = 4; lastKnownFileType = sourcecode.c.h; path = calendarView.h; sourceTree = "<group>"; };
		156E64411D066342003A25D9 /* calendarView.m */ = {isa = PBXFileReference; fileEncoding = 4; lastKnownFileType = sourcecode.c.objc; path = calendarView.m; sourceTree = "<group>"; };
		156E64431D0688EC003A25D9 /* headView.h */ = {isa = PBXFileReference; fileEncoding = 4; lastKnownFileType = sourcecode.c.h; path = headView.h; sourceTree = "<group>"; };
		156E64441D0688EC003A25D9 /* headView.m */ = {isa = PBXFileReference; fileEncoding = 4; lastKnownFileType = sourcecode.c.objc; path = headView.m; sourceTree = "<group>"; };
/* End PBXFileReference section */

/* Begin PBXFrameworksBuildPhase section */
		156E64231D065FDE003A25D9 /* Frameworks */ = {
			isa = PBXFrameworksBuildPhase;
			buildActionMask = 2147483647;
			files = (
			);
			runOnlyForDeploymentPostprocessing = 0;
		};
/* End PBXFrameworksBuildPhase section */

/* Begin PBXGroup section */
		156E641D1D065FDE003A25D9 = {
			isa = PBXGroup;
			children = (
				156E64281D065FDE003A25D9 /* 日历 demo */,
				156E64271D065FDE003A25D9 /* Products */,
			);
			sourceTree = "<group>";
		};
		156E64271D065FDE003A25D9 /* Products */ = {
			isa = PBXGroup;
			children = (
				156E64261D065FDE003A25D9 /* 日历 demo.app */,
			);
			name = Products;
			sourceTree = "<group>";
		};
		156E64281D065FDE003A25D9 /* 日历 demo */ = {
			isa = PBXGroup;
			children = (
				156E642C1D065FDE003A25D9 /* AppDelegate.h */,
				156E642D1D065FDE003A25D9 /* AppDelegate.m */,
				156E642F1D065FDE003A25D9 /* ViewController.h */,
				156E64301D065FDE003A25D9 /* ViewController.m */,
				156E64401D066342003A25D9 /* calendarView.h */,
				156E64411D066342003A25D9 /* calendarView.m */,
				156E64431D0688EC003A25D9 /* headView.h */,
				156E64441D0688EC003A25D9 /* headView.m */,
				156E64321D065FDE003A25D9 /* Main.storyboard */,
				156E64351D065FDE003A25D9 /* Assets.xcassets */,
				156E64371D065FDE003A25D9 /* LaunchScreen.storyboard */,
				156E643A1D065FDE003A25D9 /* Info.plist */,
				156E64291D065FDE003A25D9 /* Supporting Files */,
			);
			path = "日历 demo";
			sourceTree = "<group>";
		};
		156E64291D065FDE003A25D9 /* Supporting Files */ = {
			isa = PBXGroup;
			children = (
				156E642A1D065FDE003A25D9 /* main.m */,
			);
			name = "Supporting Files";
			sourceTree = "<group>";
		};
/* End PBXGroup section */

/* Begin PBXNativeTarget section */
		156E64251D065FDE003A25D9 /* 日历 demo */ = {
			isa = PBXNativeTarget;
			buildConfigurationList = 156E643D1D065FDE003A25D9 /* Build configuration list for PBXNativeTarget "日历 demo" */;
			buildPhases = (
				156E64221D065FDE003A25D9 /* Sources */,
				156E64231D065FDE003A25D9 /* Frameworks */,
				156E64241D065FDE003A25D9 /* Resources */,
			);
			buildRules = (
			);
			dependencies = (
			);
			name = "日历 demo";
			productName = "日历 demo";
			productReference = 156E64261D065FDE003A25D9 /* 日历 demo.app */;
			productType = "com.apple.product-type.application";
		};
/* End PBXNativeTarget section */

/* Begin PBXProject section */
		156E641E1D065FDE003A25D9 /* Project object */ = {
			isa = PBXProject;
			attributes = {
				LastUpgradeCheck = 0720;
				ORGANIZATIONNAME = "xi chen";
				TargetAttributes = {
					156E64251D065FDE003A25D9 = {
						CreatedOnToolsVersion = 7.2;
						DevelopmentTeam = BAN9HY9MCC;
					};
				};
			};
			buildConfigurationList = 156E64211D065FDE003A25D9 /* Build configuration list for PBXProject "日历 demo" */;
			compatibilityVersion = "Xcode 3.2";
			developmentRegion = English;
			hasScannedForEncodings = 0;
			knownRegions = (
				en,
				Base,
			);
			mainGroup = 156E641D1D065FDE003A25D9;
			productRefGroup = 156E64271D065FDE003A25D9 /* Products */;
			projectDirPath = "";
			projectRoot = "";
			targets = (
				156E64251D065FDE003A25D9 /* 日历 demo */,
			);
		};
/* End PBXProject section */

/* Begin PBXResourcesBuildPhase section */
		156E64241D065FDE003A25D9 /* Resources */ = {
			isa = PBXResourcesBuildPhase;
			buildActionMask = 2147483647;
			files = (
				156E64391D065FDE003A25D9 /* LaunchScreen.storyboard in Resources */,
				156E64361D065FDE003A25D9 /* Assets.xcassets in Resources */,
				156E64341D065FDE003A25D9 /* Main.storyboard in Resources */,
			);
			runOnlyForDeploymentPostprocessing = 0;
		};
/* End PBXResourcesBuildPhase section */

/* Begin PBXSourcesBuildPhase section */
		156E64221D065FDE003A25D9 /* Sources */ = {
			isa = PBXSourcesBuildPhase;
			buildActionMask = 2147483647;
			files = (
				156E64311D065FDE003A25D9 /* ViewController.m in Sources */,
				156E642E1D065FDE003A25D9 /* AppDelegate.m in Sources */,
				156E64421D066342003A25D9 /* calendarView.m in Sources */,
				156E64451D0688EC003A25D9 /* headView.m in Sources */,
				156E642B1D065FDE003A25D9 /* main.m in Sources */,
			);
			runOnlyForDeploymentPostprocessing = 0;
		};
/* End PBXSourcesBuildPhase section */

/* Begin PBXVariantGroup section */
		156E64321D065FDE003A25D9 /* Main.storyboard */ = {
			isa = PBXVariantGroup;
			children = (
				156E64331D065FDE003A25D9 /* Base */,
			);
			name = Main.storyboard;
			sourceTree = "<group>";
		};
		156E64371D065FDE003A25D9 /* LaunchScreen.storyboard */ = {
			isa = PBXVariantGroup;
			children = (
				156E64381D065FDE003A25D9 /* Base */,
			);
			name = LaunchScreen.storyboard;
			sourceTree = "<group>";
		};
/* End PBXVariantGroup section */

/* Begin XCBuildConfiguration section */
		156E643B1D065FDE003A25D9 /* Debug */ = {
			isa = XCBuildConfiguration;
			buildSettings = {
				ALWAYS_SEARCH_USER_PATHS = NO;
				CLANG_CXX_LANGUAGE_STANDARD = "gnu++0x";
				CLANG_CXX_LIBRARY = "libc++";
				CLANG_ENABLE_MODULES = YES;
				CLANG_ENABLE_OBJC_ARC = YES;
				CLANG_WARN_BOOL_CONVERSION = YES;
				CLANG_WARN_CONSTANT_CONVERSION = YES;
				CLANG_WARN_DIRECT_OBJC_ISA_USAGE = YES_ERROR;
				CLANG_WARN_EMPTY_BODY = YES;
				CLANG_WARN_ENUM_CONVERSION = YES;
				CLANG_WARN_INT_CONVERSION = YES;
				CLANG_WARN_OBJC_ROOT_CLASS = YES_ERROR;
				CLANG_WARN_UNREACHABLE_CODE = YES;
				CLANG_WARN__DUPLICATE_METHOD_MATCH = YES;
				"CODE_SIGN_IDENTITY[sdk=iphoneos*]" = "iPhone Developer";
				COPY_PHASE_STRIP = NO;
				DEBUG_INFORMATION_FORMAT = dwarf;
				ENABLE_STRICT_OBJC_MSGSEND = YES;
				ENABLE_TESTABILITY = YES;
				GCC_C_LANGUAGE_STANDARD = gnu99;
				GCC_DYNAMIC_NO_PIC = NO;
				GCC_NO_COMMON_BLOCKS = YES;
				GCC_OPTIMIZATION_LEVEL = 0;
				GCC_PREPROCESSOR_DEFINITIONS = (
					"DEBUG=1",
					"$(inherited)",
				);
				GCC_WARN_64_TO_32_BIT_CONVERSION = YES;
				GCC_WARN_ABOUT_RETURN_TYPE = YES_ERROR;
				GCC_WARN_UNDECLARED_SELECTOR = YES;
				GCC_WARN_UNINITIALIZED_AUTOS = YES_AGGRESSIVE;
				GCC_WARN_UNUSED_FUNCTION = YES;
				GCC_WARN_UNUSED_VARIABLE = YES;
				IPHONEOS_DEPLOYMENT_TARGET = 9.2;
				MTL_ENABLE_DEBUG_INFO = YES;
				ONLY_ACTIVE_ARCH = YES;
				SDKROOT = iphoneos;
			};
			name = Debug;
		};
		156E643C1D065FDE003A25D9 /* Release */ = {
			isa = XCBuildConfiguration;
			buildSettings = {
				ALWAYS_SEARCH_USER_PATHS = NO;
				CLANG_CXX_LANGUAGE_STANDARD = "gnu++0x";
				CLANG_CXX_LIBRARY = "libc++";
				CLANG_ENABLE_MODULES = YES;
				CLANG_ENABLE_OBJC_ARC = YES;
				CLANG_WARN_BOOL_CONVERSION = YES;
				CLANG_WARN_CONSTANT_CONVERSION = YES;
				CLANG_WARN_DIRECT_OBJC_ISA_USAGE = YES_ERROR;
				CLANG_WARN_EMPTY_BODY = YES;
				CLANG_WARN_ENUM_CONVERSION = YES;
				CLANG_WARN_INT_CONVERSION = YES;
				CLANG_WARN_OBJC_ROOT_CLASS = YES_ERROR;
				CLANG_WARN_UNREACHABLE_CODE = YES;
				CLANG_WARN__DUPLICATE_METHOD_MATCH = YES;
				"CODE_SIGN_IDENTITY[sdk=iphoneos*]" = "iPhone Developer";
				COPY_PHASE_STRIP = NO;
				DEBUG_INFORMATION_FORMAT = "dwarf-with-dsym";
				ENABLE_NS_ASSERTIONS = NO;
				ENABLE_STRICT_OBJC_MSGSEND = YES;
				GCC_C_LANGUAGE_STANDARD = gnu99;
				GCC_NO_COMMON_BLOCKS = YES;
				GCC_WARN_64_TO_32_BIT_CONVERSION = YES;
				GCC_WARN_ABOUT_RETURN_TYPE = YES_ERROR;
				GCC_WARN_UNDECLARED_SELECTOR = YES;
				GCC_WARN_UNINITIALIZED_AUTOS = YES_AGGRESSIVE;
				GCC_WARN_UNUSED_FUNCTION = YES;
				GCC_WARN_UNUSED_VARIABLE = YES;
				IPHONEOS_DEPLOYMENT_TARGET = 9.2;
				MTL_ENABLE_DEBUG_INFO = NO;
				SDKROOT = iphoneos;
				VALIDATE_PRODUCT = YES;
			};
			name = Release;
		};
		156E643E1D065FDE003A25D9 /* Debug */ = {
			isa = XCBuildConfiguration;
			buildSettings = {
				ASSETCATALOG_COMPILER_APPICON_NAME = AppIcon;
				INFOPLIST_FILE = "日历 demo/Info.plist";
				LD_RUNPATH_SEARCH_PATHS = "$(inherited) @executable_path/Frameworks";
				PRODUCT_BUNDLE_IDENTIFIER = "com.chenxi.---demo";
				PRODUCT_NAME = "$(TARGET_NAME)";
			};
			name = Debug;
		};
		156E643F1D065FDE003A25D9 /* Release */ = {
			isa = XCBuildConfiguration;
			buildSettings = {
				ASSETCATALOG_COMPILER_APPICON_NAME = AppIcon;
				INFOPLIST_FILE = "日历 demo/Info.plist";
				LD_RUNPATH_SEARCH_PATHS = "$(inherited) @executable_path/Frameworks";
				PRODUCT_BUNDLE_IDENTIFIER = "com.chenxi.---demo";
				PRODUCT_NAME = "$(TARGET_NAME)";
			};
			name = Release;
		};
/* End XCBuildConfiguration section */

/* Begin XCConfigurationList section */
		156E64211D065FDE003A25D9 /* Build configuration list for PBXProject "日历 demo" */ = {
			isa = XCConfigurationList;
			buildConfigurations = (
				156E643B1D065FDE003A25D9 /* Debug */,
				156E643C1D065FDE003A25D9 /* Release */,
			);
			defaultConfigurationIsVisible = 0;
			defaultConfigurationName = Release;
		};
		156E643D1D065FDE003A25D9 /* Build configuration list for PBXNativeTarget "日历 demo" */ = {
			isa = XCConfigurationList;
			buildConfigurations = (
				156E643E1D065FDE003A25D9 /* Debug */,
				156E643F1D065FDE003A25D9 /* Release */,
			);
			defaultConfigurationIsVisible = 0;
		};
/* End XCConfigurationList section */
	};
	rootObject = 156E641E1D065FDE003A25D9 /* Project object */;
}
